
Microsoft Visual Studio Solution File, Format Version 12.00
# Visual Studio Version 17
VisualStudioVersion = 17.3.32804.467
MinimumVisualStudioVersion = 10.0.40219.1
Project("{FAE04EC0-301F-11D3-BF4B-00C04F79EFBC}") = "InvoiceApp", "InvoiceApp.csproj", "{0AFCCAAD-7DE8-42CF-9879-37640C4AAD42}"
EndProject
Global
	GlobalSection(SolutionConfigurationPlatforms) = preSolution
		Debug|Any CPU = Debug|Any CPU
		Release|Any CPU = Release|Any CPU
	EndGlobalSection
	GlobalSection(ProjectConfigurationPlatforms) = postSolution
		{0AFCCAAD-7DE8-42CF-9879-37640C4AAD42}.Debug|Any CPU.ActiveCfg = Debug|Any CPU
		{0AFCCAAD-7DE8-42CF-9879-37640C4AAD42}.Debug|Any CPU.Build.0 = Debug|Any CPU
		{0AFCCAAD-7DE8-42CF-9879-37640C4AAD42}.Release|Any CPU.ActiveCfg = Release|Any CPU
		{0AFCCAAD-7DE8-42CF-9879-37640C4AAD42}.Release|Any CPU.Build.0 = Release|Any CPU
	EndGlobalSection
	GlobalSection(SolutionProperties) = preSolution
		HideSolutionNode = FALSE
	EndGlobalSection
	GlobalSection(ExtensibilityGlobals) = postSolution
		SolutionGuid = {5C66F5B6-D097-46B9-94AC-946CC7C7C030}
	EndGlobalSection
EndGlobal
